
Microsoft Visual Studio Solution File, Format Version 12.00
# Visual Studio 15
VisualStudioVersion = 15.0.28010.2050
MinimumVisualStudioVersion = 10.0.40219.1
Project("{FAE04EC0-301F-11D3-BF4B-00C04F79EFBC}") = "Office365DevBootCamp.UWP", "Office365DevBootCamp.UWP\Office365DevBootCamp.UWP.csproj", "{25401DBE-7287-469E-B227-8B5C98872411}"
EndProject
Global
	GlobalSection(SolutionConfigurationPlatforms) = preSolution
		Debug|ARM = Debug|ARM
		Debug|x64 = Debug|x64
		Debug|x86 = Debug|x86
		Release|ARM = Release|ARM
		Release|x64 = Release|x64
		Release|x86 = Release|x86
	EndGlobalSection
	GlobalSection(ProjectConfigurationPlatforms) = postSolution
		{25401DBE-7287-469E-B227-8B5C98872411}.Debug|ARM.ActiveCfg = Debug|ARM
		{25401DBE-7287-469E-B227-8B5C98872411}.Debug|ARM.Build.0 = Debug|ARM
		{25401DBE-7287-469E-B227-8B5C98872411}.Debug|ARM.Deploy.0 = Debug|ARM
		{25401DBE-7287-469E-B227-8B5C98872411}.Debug|x64.ActiveCfg = Debug|x64
		{25401DBE-7287-469E-B227-8B5C98872411}.Debug|x64.Build.0 = Debug|x64
		{25401DBE-7287-469E-B227-8B5C98872411}.Debug|x64.Deploy.0 = Debug|x64
		{25401DBE-7287-469E-B227-8B5C98872411}.Debug|x86.ActiveCfg = Debug|x86
		{25401DBE-7287-469E-B227-8B5C98872411}.Debug|x86.Build.0 = Debug|x86
		{25401DBE-7287-469E-B227-8B5C98872411}.Debug|x86.Deploy.0 = Debug|x86
		{25401DBE-7287-469E-B227-8B5C98872411}.Release|ARM.ActiveCfg = Release|ARM
		{25401DBE-7287-469E-B227-8B5C98872411}.Release|ARM.Build.0 = Release|ARM
		{25401DBE-7287-469E-B227-8B5C98872411}.Release|ARM.Deploy.0 = Release|ARM
		{25401DBE-7287-469E-B227-8B5C98872411}.Release|x64.ActiveCfg = Release|x64
		{25401DBE-7287-469E-B227-8B5C98872411}.Release|x64.Build.0 = Release|x64
		{25401DBE-7287-469E-B227-8B5C98872411}.Release|x64.Deploy.0 = Release|x64
		{25401DBE-7287-469E-B227-8B5C98872411}.Release|x86.ActiveCfg = Release|x86
		{25401DBE-7287-469E-B227-8B5C98872411}.Release|x86.Build.0 = Release|x86
		{25401DBE-7287-469E-B227-8B5C98872411}.Release|x86.Deploy.0 = Release|x86
	EndGlobalSection
	GlobalSection(SolutionProperties) = preSolution
		HideSolutionNode = FALSE
	EndGlobalSection
	GlobalSection(ExtensibilityGlobals) = postSolution
		SolutionGuid = {68BC046E-8F1C-4AEE-8893-A53DBD3D9676}
	EndGlobalSection
EndGlobal
